
Microsoft Visual Studio Solution File, Format Version 12.00
# Visual Studio Version 16
VisualStudioVersion = 16.0.31729.503
MinimumVisualStudioVersion = 10.0.40219.1
Project("{FAE04EC0-301F-11D3-BF4B-00C04F79EFBC}") = "ConsoleApp1", "ConsoleApp1\ConsoleApp1.csproj", "{340E7EC0-B8AE-4947-87D3-A8618A917EC4}"
EndProject
Project("{FAE04EC0-301F-11D3-BF4B-00C04F79EFBC}") = "homework", "homework\homework.csproj", "{07D273A0-CADD-42BC-9EBD-01AE3CBCD513}"
EndProject
Global
	GlobalSection(SolutionConfigurationPlatforms) = preSolution
		Debug|Any CPU = Debug|Any CPU
		Release|Any CPU = Release|Any CPU
	EndGlobalSection
	GlobalSection(ProjectConfigurationPlatforms) = postSolution
		{340E7EC0-B8AE-4947-87D3-A8618A917EC4}.Debug|Any CPU.ActiveCfg = Debug|Any CPU
		{340E7EC0-B8AE-4947-87D3-A8618A917EC4}.Debug|Any CPU.Build.0 = Debug|Any CPU
		{340E7EC0-B8AE-4947-87D3-A8618A917EC4}.Release|Any CPU.ActiveCfg = Release|Any CPU
		{340E7EC0-B8AE-4947-87D3-A8618A917EC4}.Release|Any CPU.Build.0 = Release|Any CPU
		{07D273A0-CADD-42BC-9EBD-01AE3CBCD513}.Debug|Any CPU.ActiveCfg = Debug|Any CPU
		{07D273A0-CADD-42BC-9EBD-01AE3CBCD513}.Debug|Any CPU.Build.0 = Debug|Any CPU
		{07D273A0-CADD-42BC-9EBD-01AE3CBCD513}.Release|Any CPU.ActiveCfg = Release|Any CPU
		{07D273A0-CADD-42BC-9EBD-01AE3CBCD513}.Release|Any CPU.Build.0 = Release|Any CPU
	EndGlobalSection
	GlobalSection(SolutionProperties) = preSolution
		HideSolutionNode = FALSE
	EndGlobalSection
	GlobalSection(ExtensibilityGlobals) = postSolution
		SolutionGuid = {45F59C73-471A-4D20-8065-57434674FCBD}
	EndGlobalSection
EndGlobal
